{
  "name": "@shopware-pwa/shopware-6-client",
  "version": "0.7.0",
  "lockfileVersion": 1,
  "requires": true,
  "dependencies": {
    "@types/query-string": {
      "version": "6.3.0",
      "resolved": "https://registry.npmjs.org/@types/query-string/-/query-string-6.3.0.tgz",
      "integrity": "sha512-yuIv/WRffRzL7cBW+sla4HwBZrEXRNf1MKQ5SklPEadth+BKbDxiVG8A3iISN5B3yC4EeSCzMZP8llHTcUhOzQ==",
      "dev": true,
      "requires": {
        "query-string": "*"
      }
    },
    "axios": {
      "version": "0.21.1",
      "resolved": "https://registry.npmjs.org/axios/-/axios-0.21.1.tgz",
      "integrity": "sha512-dKQiRHxGD9PPRIUNIWvZhPTPpl1rf/OxTYKsqKUDjBwYylTvV7SjSHJb9ratfyzM6wCdLCOYLzs73qpg5c4iGA==",
      "requires": {
        "follow-redirects": "^1.10.0"
      }
    },
    "decode-uri-component": {
      "version": "0.2.0",
      "resolved": "https://registry.npmjs.org/decode-uri-component/-/decode-uri-component-0.2.0.tgz",
      "integrity": "sha1-6zkTMzRYd1y4TNGh+uBiEGu4dUU=",
      "dev": true
    },
    "esbuild": {
      "version": "0.8.26",
      "resolved": "https://registry.npmjs.org/esbuild/-/esbuild-0.8.26.tgz",
      "integrity": "sha512-u3MMHOOumdWoAKF+073GHPpzvVB2cM+y9VD4ZwYs1FAQ6atRPISya35dbrbOu/mM68mQ42P+nwPzQVBTfQhkvQ=="
    },
    "follow-redirects": {
      "version": "1.13.2",
      "resolved": "https://registry.npmjs.org/follow-redirects/-/follow-redirects-1.13.2.tgz",
      "integrity": "sha512-6mPTgLxYm3r6Bkkg0vNM0HTjfGrOEtsfbhagQvbxDEsEkpNhw582upBaoRZylzen6krEmxXJgt9Ju6HiI4O7BA=="
    },
    "idb": {
      "version": "5.0.8",
      "resolved": "https://registry.npmjs.org/idb/-/idb-5.0.8.tgz",
      "integrity": "sha512-K9xInRkVbT3ZsYimD2KVj6B4E93IBvOjEQTryu99WuuN7G+7x3SzA79+yubbX0QRN9V64Gi+L+ulG5QYTVydOg=="
    },
    "indexeddb-export-import": {
      "version": "2.1.2",
      "resolved": "https://registry.npmjs.org/indexeddb-export-import/-/indexeddb-export-import-2.1.2.tgz",
      "integrity": "sha512-IhN4PYAye54qjGaAeiMcs9aYstYFX9SyxxAChpc6zuq2G2qsAVmaxOPLBigHP27oKJn5LgbZS2R2ZzUoEuj/TA=="
    },
    "query-string": {
      "version": "6.13.8",
      "resolved": "https://registry.npmjs.org/query-string/-/query-string-6.13.8.tgz",
      "integrity": "sha512-jxJzQI2edQPE/NPUOusNjO/ZOGqr1o2OBa/3M00fU76FsLXDVbJDv/p7ng5OdQyorKrkRz1oqfwmbe5MAMePQg==",
      "dev": true,
      "requires": {
        "decode-uri-component": "^0.2.0",
        "split-on-first": "^1.0.0",
        "strict-uri-encode": "^2.0.0"
      }
    },
    "split-on-first": {
      "version": "1.1.0",
      "resolved": "https://registry.npmjs.org/split-on-first/-/split-on-first-1.1.0.tgz",
      "integrity": "sha512-43ZssAJaMusuKWL8sKUBQXHWOpq8d6CfN/u1p4gUzfJkM05C8rxTmYrkIPTXapZpORA6LkkzcUulJ8FqA7Uudw==",
      "dev": true
    },
    "strict-uri-encode": {
      "version": "2.0.0",
      "resolved": "https://registry.npmjs.org/strict-uri-encode/-/strict-uri-encode-2.0.0.tgz",
      "integrity": "sha1-ucczDHBChi9rFC3CdLvMWGbONUY=",
      "dev": true
    },
    "zipson": {
      "version": "0.2.12",
      "resolved": "https://registry.npmjs.org/zipson/-/zipson-0.2.12.tgz",
      "integrity": "sha512-+u+fyZQXJUJDTf4NGCChW+LoWGqCrhwHAfvtCtcmE0e40KmQt4YSP4l3TOay1WjRNv+VfODgBD/vNwaSSGnDwA=="
    }
  }
}
